
Microsoft Visual Studio Solution File, Format Version 12.00
# Visual Studio Version 17
VisualStudioVersion = 17.2.32630.192
MinimumVisualStudioVersion = 10.0.40219.1
Project("{9A19103F-16F7-4668-BE54-9A1E7A4F7556}") = "Axis.Ion", "Axis.Ion\Axis.Ion.csproj", "{71ADBEDF-2BCE-4743-A5A0-196C213DBE0F}"
EndProject
Project("{2150E333-8FDC-42A3-9474-1A3956D46DE8}") = ".items", ".items", "{37E1CFF6-E6BC-428A-8387-8A65EBF011E2}"
	ProjectSection(SolutionItems) = preProject
		Axis.Ion.ReadMe.md = Axis.Ion.ReadMe.md
		BinarySpec.md = BinarySpec.md
		TODO.md = TODO.md
		ChangeLog.md = ChangeLog.md
	EndProjectSection
EndProject
Project("{2150E333-8FDC-42A3-9474-1A3956D46DE8}") = "Src", "Src", "{AF4C3D45-4362-4EA9-93D9-A05676737E25}"
EndProject
Project("{2150E333-8FDC-42A3-9474-1A3956D46DE8}") = "Tests", "Tests", "{3C9DB90C-F65D-459C-8CE9-6146ABC5A4C1}"
EndProject
Project("{2150E333-8FDC-42A3-9474-1A3956D46DE8}") = "Tests.Benchmark", "Tests.Benchmark", "{B247E57A-1ED4-451D-9E4F-169865E24E1D}"
EndProject
Project("{9A19103F-16F7-4668-BE54-9A1E7A4F7556}") = "Axis.Ion.Tests", "Axis.Ion.Tests\Axis.Ion.Tests.csproj", "{D4F74C7E-1FFA-45BE-B273-9CB8A7A6FF9D}"
EndProject
Global
	GlobalSection(SolutionConfigurationPlatforms) = preSolution
		Debug|Any CPU = Debug|Any CPU
		Release|Any CPU = Release|Any CPU
	EndGlobalSection
	GlobalSection(ProjectConfigurationPlatforms) = postSolution
		{71ADBEDF-2BCE-4743-A5A0-196C213DBE0F}.Debug|Any CPU.ActiveCfg = Debug|Any CPU
		{71ADBEDF-2BCE-4743-A5A0-196C213DBE0F}.Debug|Any CPU.Build.0 = Debug|Any CPU
		{71ADBEDF-2BCE-4743-A5A0-196C213DBE0F}.Release|Any CPU.ActiveCfg = Release|Any CPU
		{71ADBEDF-2BCE-4743-A5A0-196C213DBE0F}.Release|Any CPU.Build.0 = Release|Any CPU
		{D4F74C7E-1FFA-45BE-B273-9CB8A7A6FF9D}.Debug|Any CPU.ActiveCfg = Debug|Any CPU
		{D4F74C7E-1FFA-45BE-B273-9CB8A7A6FF9D}.Debug|Any CPU.Build.0 = Debug|Any CPU
		{D4F74C7E-1FFA-45BE-B273-9CB8A7A6FF9D}.Release|Any CPU.ActiveCfg = Release|Any CPU
		{D4F74C7E-1FFA-45BE-B273-9CB8A7A6FF9D}.Release|Any CPU.Build.0 = Release|Any CPU
	EndGlobalSection
	GlobalSection(SolutionProperties) = preSolution
		HideSolutionNode = FALSE
	EndGlobalSection
	GlobalSection(NestedProjects) = preSolution
		{71ADBEDF-2BCE-4743-A5A0-196C213DBE0F} = {AF4C3D45-4362-4EA9-93D9-A05676737E25}
		{D4F74C7E-1FFA-45BE-B273-9CB8A7A6FF9D} = {3C9DB90C-F65D-459C-8CE9-6146ABC5A4C1}
	EndGlobalSection
	GlobalSection(ExtensibilityGlobals) = postSolution
		SolutionGuid = {A35B2775-9822-4748-850B-23B1162341BB}
	EndGlobalSection
EndGlobal
